%{
  "closure_table": {:hex, :closure_table, "1.0.10", "e0c122924bbe4be8275c74b5e8bb604477efe2703e6fd7314482e72bd70af6a9", [:mix], [{:ecto, "~> 3.4.6", [hex: :ecto, repo: "hexpm", optional: true]}, {:ecto_sql, "~> 3.4.5", [hex: :ecto_sql, repo: "hexpm", optional: true]}, {:postgrex, ">= 0.0.0", [hex: :postgrex, repo: "hexpm", optional: true]}], "hexpm", "328aa8cc7c6b727194b936e647206ae0f327f49cd889936a388b1b29e5e388ae"},
  "connection": {:hex, :connection, "1.1.0", "ff2a49c4b75b6fb3e674bfc5536451607270aac754ffd1bdfe175abe4a6d7a68", [:mix], [], "hexpm", "722c1eb0a418fbe91ba7bd59a47e28008a189d47e37e0e7bb85585a016b2869c"},
  "db_connection": {:hex, :db_connection, "2.4.0", "d04b1b73795dae60cead94189f1b8a51cc9e1f911c234cc23074017c43c031e5", [:mix], [{:connection, "~> 1.0", [hex: :connection, repo: "hexpm", optional: false]}, {:telemetry, "~> 0.4 or ~> 1.0", [hex: :telemetry, repo: "hexpm", optional: false]}], "hexpm", "ad416c21ad9f61b3103d254a71b63696ecadb6a917b36f563921e0de00d7d7c8"},
  "decimal": {:hex, :decimal, "2.0.0", "a78296e617b0f5dd4c6caf57c714431347912ffb1d0842e998e9792b5642d697", [:mix], [], "hexpm", "34666e9c55dea81013e77d9d87370fe6cb6291d1ef32f46a1600230b1d44f577"},
  "ecto": {:hex, :ecto, "3.4.6", "08f7afad3257d6eb8613309af31037e16c36808dfda5a3cd0cb4e9738db030e4", [:mix], [{:decimal, "~> 1.6 or ~> 2.0", [hex: :decimal, repo: "hexpm", optional: false]}, {:jason, "~> 1.0", [hex: :jason, repo: "hexpm", optional: true]}, {:telemetry, "~> 0.4", [hex: :telemetry, repo: "hexpm", optional: false]}], "hexpm", "6f13a9e2a62e75c2dcfc7207bfc65645ab387af8360db4c89fee8b5a4bf3f70b"},
  "ecto_sql": {:hex, :ecto_sql, "3.4.5", "30161f81b167d561a9a2df4329c10ae05ff36eca7ccc84628f2c8b9fa1e43323", [:mix], [{:db_connection, "~> 2.2", [hex: :db_connection, repo: "hexpm", optional: false]}, {:ecto, "~> 3.4.3", [hex: :ecto, repo: "hexpm", optional: false]}, {:myxql, "~> 0.3.0 or ~> 0.4.0", [hex: :myxql, repo: "hexpm", optional: true]}, {:postgrex, "~> 0.15.0", [hex: :postgrex, repo: "hexpm", optional: true]}, {:tds, "~> 2.1.0", [hex: :tds, repo: "hexpm", optional: true]}, {:telemetry, "~> 0.4.0", [hex: :telemetry, repo: "hexpm", optional: false]}], "hexpm", "31990c6a3579b36a3c0841d34a94c275e727de8b84f58509da5f1b2032c98ac2"},
  "postgrex": {:hex, :postgrex, "0.15.9", "46f8fe6f25711aeb861c4d0ae09780facfdf3adbd2fb5594ead61504dd489bda", [:mix], [{:connection, "~> 1.0", [hex: :connection, repo: "hexpm", optional: false]}, {:db_connection, "~> 2.1", [hex: :db_connection, repo: "hexpm", optional: false]}, {:decimal, "~> 1.5 or ~> 2.0", [hex: :decimal, repo: "hexpm", optional: false]}, {:jason, "~> 1.0", [hex: :jason, repo: "hexpm", optional: true]}], "hexpm", "610719103e4cb2223d4ab78f9f0f3e720320eeca6011415ab4137ddef730adee"},
  "telemetry": {:hex, :telemetry, "0.4.3", "a06428a514bdbc63293cd9a6263aad00ddeb66f608163bdec7c8995784080818", [:rebar3], [], "hexpm", "eb72b8365ffda5bed68a620d1da88525e326cb82a75ee61354fc24b844768041"},
}
